// !$*UTF8*$!
{
	archiveVersion = 1;
	classes = {
	};
	objectVersion = 50;
	objects = {

/* Begin PBXBuildFile section */
		5BECE7AF2215564F00C65933 /* AppDelegate.swift in Sources */ = {isa = PBXBuildFile; fileRef = 5BECE7AE2215564F00C65933 /* AppDelegate.swift */; };
		5BECE7B12215564F00C65933 /* ViewController.swift in Sources */ = {isa = PBXBuildFile; fileRef = 5BECE7B02215564F00C65933 /* ViewController.swift */; };
		5BECE7B42215564F00C65933 /* Main.storyboard in Resources */ = {isa = PBXBuildFile; fileRef = 5BECE7B22215564F00C65933 /* Main.storyboard */; };
		5BECE7B62215565000C65933 /* Assets.xcassets in Resources */ = {isa = PBXBuildFile; fileRef = 5BECE7B52215565000C65933 /* Assets.xcassets */; };
		5BECE7B92215565000C65933 /* LaunchScreen.storyboard in Resources */ = {isa = PBXBuildFile; fileRef = 5BECE7B72215565000C65933 /* LaunchScreen.storyboard */; };
		5BECE7C12215594300C65933 /* avatar.png in Resources */ = {isa = PBXBuildFile; fileRef = 5BECE7C02215594300C65933 /* avatar.png */; };
		F7230F186E0A7661766BFBA4 /* Pods_LimitInputText.framework in Frameworks */ = {isa = PBXBuildFile; fileRef = 19AA345302567D5886D07C9F /* Pods_LimitInputText.framework */; };
/* End PBXBuildFile section */

/* Begin PBXFileReference section */
		19AA345302567D5886D07C9F /* Pods_LimitInputText.framework */ = {isa = PBXFileReference; explicitFileType = wrapper.framework; includeInIndex = 0; path = Pods_LimitInputText.framework; sourceTree = BUILT_PRODUCTS_DIR; };
		5BECE7AB2215564F00C65933 /* LimitInputText.app */ = {isa = PBXFileReference; explicitFileType = wrapper.application; includeInIndex = 0; path = LimitInputText.app; sourceTree = BUILT_PRODUCTS_DIR; };
		5BECE7AE2215564F00C65933 /* AppDelegate.swift */ = {isa = PBXFileReference; lastKnownFileType = sourcecode.swift; path = AppDelegate.swift; sourceTree = "<group>"; };
		5BECE7B02215564F00C65933 /* ViewController.swift */ = {isa = PBXFileReference; lastKnownFileType = sourcecode.swift; path = ViewController.swift; sourceTree = "<group>"; };
		5BECE7B32215564F00C65933 /* Base */ = {isa = PBXFileReference; lastKnownFileType = file.storyboard; name = Base; path = Base.lproj/Main.storyboard; sourceTree = "<group>"; };
		5BECE7B52215565000C65933 /* Assets.xcassets */ = {isa = PBXFileReference; lastKnownFileType = folder.assetcatalog; path = Assets.xcassets; sourceTree = "<group>"; };
		5BECE7B82215565000C65933 /* Base */ = {isa = PBXFileReference; lastKnownFileType = file.storyboard; name = Base; path = Base.lproj/LaunchScreen.storyboard; sourceTree = "<group>"; };
		5BECE7BA2215565000C65933 /* Info.plist */ = {isa = PBXFileReference; lastKnownFileType = text.plist.xml; path = Info.plist; sourceTree = "<group>"; };
		5BECE7C02215594300C65933 /* avatar.png */ = {isa = PBXFileReference; lastKnownFileType = image.png; path = avatar.png; sourceTree = SOURCE_ROOT; };
		5F2F05118E0298BCB7D59354 /* Pods-LimitInputText.debug.xcconfig */ = {isa = PBXFileReference; includeInIndex = 1; lastKnownFileType = text.xcconfig; name = "Pods-LimitInputText.debug.xcconfig"; path = "Target Support Files/Pods-LimitInputText/Pods-LimitInputText.debug.xcconfig"; sourceTree = "<group>"; };
		A856B42520F595AA1E9EEC71 /* Pods-LimitInputText.release.xcconfig */ = {isa = PBXFileReference; includeInIndex = 1; lastKnownFileType = text.xcconfig; name = "Pods-LimitInputText.release.xcconfig"; path = "Target Support Files/Pods-LimitInputText/Pods-LimitInputText.release.xcconfig"; sourceTree = "<group>"; };
/* End PBXFileReference section */

/* Begin PBXFrameworksBuildPhase section */
		5BECE7A82215564F00C65933 /* Frameworks */ = {
			isa = PBXFrameworksBuildPhase;
			buildActionMask = 2147483647;
			files = (
				F7230F186E0A7661766BFBA4 /* Pods_LimitInputText.framework in Frameworks */,
			);
			runOnlyForDeploymentPostprocessing = 0;
		};
/* End PBXFrameworksBuildPhase section */

/* Begin PBXGroup section */
		5BECE7A22215564F00C65933 = {
			isa = PBXGroup;
			children = (
				5BECE7AD2215564F00C65933 /* LimitInputText */,
				5BECE7AC2215564F00C65933 /* Products */,
				8A43AA2C520DD3906929E29A /* Pods */,
				C6F834A88CA2F562BC48604E /* Frameworks */,
			);
			sourceTree = "<group>";
		};
		5BECE7AC2215564F00C65933 /* Products */ = {
			isa = PBXGroup;
			children = (
				5BECE7AB2215564F00C65933 /* LimitInputText.app */,
			);
			name = Products;
			sourceTree = "<group>";
		};
		5BECE7AD2215564F00C65933 /* LimitInputText */ = {
			isa = PBXGroup;
			children = (
				5BECE7AE2215564F00C65933 /* AppDelegate.swift */,
				5BECE7B02215564F00C65933 /* ViewController.swift */,
				5BECE7B22215564F00C65933 /* Main.storyboard */,
				5BECE7B52215565000C65933 /* Assets.xcassets */,
				5BECE7C02215594300C65933 /* avatar.png */,
				5BECE7B72215565000C65933 /* LaunchScreen.storyboard */,
				5BECE7BA2215565000C65933 /* Info.plist */,
			);
			path = LimitInputText;
			sourceTree = "<group>";
		};
		8A43AA2C520DD3906929E29A /* Pods */ = {
			isa = PBXGroup;
			children = (
				5F2F05118E0298BCB7D59354 /* Pods-LimitInputText.debug.xcconfig */,
				A856B42520F595AA1E9EEC71 /* Pods-LimitInputText.release.xcconfig */,
			);
			path = Pods;
			sourceTree = "<group>";
		};
		C6F834A88CA2F562BC48604E /* Frameworks */ = {
			isa = PBXGroup;
			children = (
				19AA345302567D5886D07C9F /* Pods_LimitInputText.framework */,
			);
			name = Frameworks;
			sourceTree = "<group>";
		};
/* End PBXGroup section */

/* Begin PBXNativeTarget section */
		5BECE7AA2215564F00C65933 /* LimitInputText */ = {
			isa = PBXNativeTarget;
			buildConfigurationList = 5BECE7BD2215565000C65933 /* Build configuration list for PBXNativeTarget "LimitInputText" */;
			buildPhases = (
				81DB202F5B8FEA9F6860D3C3 /* [CP] Check Pods Manifest.lock */,
				5BECE7A72215564F00C65933 /* Sources */,
				5BECE7A82215564F00C65933 /* Frameworks */,
				5BECE7A92215564F00C65933 /* Resources */,
				6129F7F39955E885FC1B1165 /* [CP] Embed Pods Frameworks */,
			);
			buildRules = (
			);
			dependencies = (
			);
			name = LimitInputText;
			productName = LimitInputText;
			productReference = 5BECE7AB2215564F00C65933 /* LimitInputText.app */;
			productType = "com.apple.product-type.application";
		};
/* End PBXNativeTarget section */

/* Begin PBXProject section */
		5BECE7A32215564F00C65933 /* Project object */ = {
			isa = PBXProject;
			attributes = {
				LastSwiftUpdateCheck = 1010;
				LastUpgradeCheck = 1010;
				ORGANIZATIONNAME = Emucoo;
				TargetAttributes = {
					5BECE7AA2215564F00C65933 = {
						CreatedOnToolsVersion = 10.1;
					};
				};
			};
			buildConfigurationList = 5BECE7A62215564F00C65933 /* Build configuration list for PBXProject "LimitInputText" */;
			compatibilityVersion = "Xcode 9.3";
			developmentRegion = en;
			hasScannedForEncodings = 0;
			knownRegions = (
				en,
				Base,
			);
			mainGroup = 5BECE7A22215564F00C65933;
			productRefGroup = 5BECE7AC2215564F00C65933 /* Products */;
			projectDirPath = "";
			projectRoot = "";
			targets = (
				5BECE7AA2215564F00C65933 /* LimitInputText */,
			);
		};
/* End PBXProject section */

/* Begin PBXResourcesBuildPhase section */
		5BECE7A92215564F00C65933 /* Resources */ = {
			isa = PBXResourcesBuildPhase;
			buildActionMask = 2147483647;
			files = (
				5BECE7C12215594300C65933 /* avatar.png in Resources */,
				5BECE7B92215565000C65933 /* LaunchScreen.storyboard in Resources */,
				5BECE7B62215565000C65933 /* Assets.xcassets in Resources */,
				5BECE7B42215564F00C65933 /* Main.storyboard in Resources */,
			);
			runOnlyForDeploymentPostprocessing = 0;
		};
/* End PBXResourcesBuildPhase section */

/* Begin PBXShellScriptBuildPhase section */
		6129F7F39955E885FC1B1165 /* [CP] Embed Pods Frameworks */ = {
			isa = PBXShellScriptBuildPhase;
			buildActionMask = 2147483647;
			files = (
			);
			inputFileListPaths = (
			);
			inputPaths = (
				"${PODS_ROOT}/Target Support Files/Pods-LimitInputText/Pods-LimitInputText-frameworks.sh",
				"${BUILT_PRODUCTS_DIR}/SnapKit/SnapKit.framework",
			);
			name = "[CP] Embed Pods Frameworks";
			outputFileListPaths = (
			);
			outputPaths = (
				"${TARGET_BUILD_DIR}/${FRAMEWORKS_FOLDER_PATH}/SnapKit.framework",
			);
			runOnlyForDeploymentPostprocessing = 0;
			shellPath = /bin/sh;
			shellScript = "\"${PODS_ROOT}/Target Support Files/Pods-LimitInputText/Pods-LimitInputText-frameworks.sh\"\n";
			showEnvVarsInLog = 0;
		};
		81DB202F5B8FEA9F6860D3C3 /* [CP] Check Pods Manifest.lock */ = {
			isa = PBXShellScriptBuildPhase;
			buildActionMask = 2147483647;
			files = (
			);
			inputFileListPaths = (
			);
			inputPaths = (
				"${PODS_PODFILE_DIR_PATH}/Podfile.lock",
				"${PODS_ROOT}/Manifest.lock",
			);
			name = "[CP] Check Pods Manifest.lock";
			outputFileListPaths = (
			);
			outputPaths = (
				"$(DERIVED_FILE_DIR)/Pods-LimitInputText-checkManifestLockResult.txt",
			);
			runOnlyForDeploymentPostprocessing = 0;
			shellPath = /bin/sh;
			shellScript = "diff \"${PODS_PODFILE_DIR_PATH}/Podfile.lock\" \"${PODS_ROOT}/Manifest.lock\" > /dev/null\nif [ $? != 0 ] ; then\n    # print error to STDERR\n    echo \"error: The sandbox is not in sync with the Podfile.lock. Run 'pod install' or update your CocoaPods installation.\" >&2\n    exit 1\nfi\n# This output is used by Xcode 'outputs' to avoid re-running this script phase.\necho \"SUCCESS\" > \"${SCRIPT_OUTPUT_FILE_0}\"\n";
			showEnvVarsInLog = 0;
		};
/* End PBXShellScriptBuildPhase section */

/* Begin PBXSourcesBuildPhase section */
		5BECE7A72215564F00C65933 /* Sources */ = {
			isa = PBXSourcesBuildPhase;
			buildActionMask = 2147483647;
			files = (
				5BECE7B12215564F00C65933 /* ViewController.swift in Sources */,
				5BECE7AF2215564F00C65933 /* AppDelegate.swift in Sources */,
			);
			runOnlyForDeploymentPostprocessing = 0;
		};
/* End PBXSourcesBuildPhase section */

/* Begin PBXVariantGroup section */
		5BECE7B22215564F00C65933 /* Main.storyboard */ = {
			isa = PBXVariantGroup;
			children = (
				5BECE7B32215564F00C65933 /* Base */,
			);
			name = Main.storyboard;
			sourceTree = "<group>";
		};
		5BECE7B72215565000C65933 /* LaunchScreen.storyboard */ = {
			isa = PBXVariantGroup;
			children = (
				5BECE7B82215565000C65933 /* Base */,
			);
			name = LaunchScreen.storyboard;
			sourceTree = "<group>";
		};
/* End PBXVariantGroup section */

/* Begin XCBuildConfiguration section */
		5BECE7BB2215565000C65933 /* Debug */ = {
			isa = XCBuildConfiguration;
			buildSettings = {
				ALWAYS_SEARCH_USER_PATHS = NO;
				CLANG_ANALYZER_NONNULL = YES;
				CLANG_ANALYZER_NUMBER_OBJECT_CONVERSION = YES_AGGRESSIVE;
				CLANG_CXX_LANGUAGE_STANDARD = "gnu++14";
				CLANG_CXX_LIBRARY = "libc++";
				CLANG_ENABLE_MODULES = YES;
				CLANG_ENABLE_OBJC_ARC = YES;
				CLANG_ENABLE_OBJC_WEAK = YES;
				CLANG_WARN_BLOCK_CAPTURE_AUTORELEASING = YES;
				CLANG_WARN_BOOL_CONVERSION = YES;
				CLANG_WARN_COMMA = YES;
				CLANG_WARN_CONSTANT_CONVERSION = YES;
				CLANG_WARN_DEPRECATED_OBJC_IMPLEMENTATIONS = YES;
				CLANG_WARN_DIRECT_OBJC_ISA_USAGE = YES_ERROR;
				CLANG_WARN_DOCUMENTATION_COMMENTS = YES;
				CLANG_WARN_EMPTY_BODY = YES;
				CLANG_WARN_ENUM_CONVERSION = YES;
				CLANG_WARN_INFINITE_RECURSION = YES;
				CLANG_WARN_INT_CONVERSION = YES;
				CLANG_WARN_NON_LITERAL_NULL_CONVERSION = YES;
				CLANG_WARN_OBJC_IMPLICIT_RETAIN_SELF = YES;
				CLANG_WARN_OBJC_LITERAL_CONVERSION = YES;
				CLANG_WARN_OBJC_ROOT_CLASS = YES_ERROR;
				CLANG_WARN_RANGE_LOOP_ANALYSIS = YES;
				CLANG_WARN_STRICT_PROTOTYPES = YES;
				CLANG_WARN_SUSPICIOUS_MOVE = YES;
				CLANG_WARN_UNGUARDED_AVAILABILITY = YES_AGGRESSIVE;
				CLANG_WARN_UNREACHABLE_CODE = YES;
				CLANG_WARN__DUPLICATE_METHOD_MATCH = YES;
				CODE_SIGN_IDENTITY = "iPhone Developer";
				COPY_PHASE_STRIP = NO;
				DEBUG_INFORMATION_FORMAT = dwarf;
				ENABLE_STRICT_OBJC_MSGSEND = YES;
				ENABLE_TESTABILITY = YES;
				GCC_C_LANGUAGE_STANDARD = gnu11;
				GCC_DYNAMIC_NO_PIC = NO;
				GCC_NO_COMMON_BLOCKS = YES;
				GCC_OPTIMIZATION_LEVEL = 0;
				GCC_PREPROCESSOR_DEFINITIONS = (
					"DEBUG=1",
					"$(inherited)",
				);
				GCC_WARN_64_TO_32_BIT_CONVERSION = YES;
				GCC_WARN_ABOUT_RETURN_TYPE = YES_ERROR;
				GCC_WARN_UNDECLARED_SELECTOR = YES;
				GCC_WARN_UNINITIALIZED_AUTOS = YES_AGGRESSIVE;
				GCC_WARN_UNUSED_FUNCTION = YES;
				GCC_WARN_UNUSED_VARIABLE = YES;
				IPHONEOS_DEPLOYMENT_TARGET = 12.1;
				MTL_ENABLE_DEBUG_INFO = INCLUDE_SOURCE;
				MTL_FAST_MATH = YES;
				ONLY_ACTIVE_ARCH = YES;
				SDKROOT = iphoneos;
				SWIFT_ACTIVE_COMPILATION_CONDITIONS = DEBUG;
				SWIFT_OPTIMIZATION_LEVEL = "-Onone";
			};
			name = Debug;
		};
		5BECE7BC2215565000C65933 /* Release */ = {
			isa = XCBuildConfiguration;
			buildSettings = {
				ALWAYS_SEARCH_USER_PATHS = NO;
				CLANG_ANALYZER_NONNULL = YES;
				CLANG_ANALYZER_NUMBER_OBJECT_CONVERSION = YES_AGGRESSIVE;
				CLANG_CXX_LANGUAGE_STANDARD = "gnu++14";
				CLANG_CXX_LIBRARY = "libc++";
				CLANG_ENABLE_MODULES = YES;
				CLANG_ENABLE_OBJC_ARC = YES;
				CLANG_ENABLE_OBJC_WEAK = YES;
				CLANG_WARN_BLOCK_CAPTURE_AUTORELEASING = YES;
				CLANG_WARN_BOOL_CONVERSION = YES;
				CLANG_WARN_COMMA = YES;
				CLANG_WARN_CONSTANT_CONVERSION = YES;
				CLANG_WARN_DEPRECATED_OBJC_IMPLEMENTATIONS = YES;
				CLANG_WARN_DIRECT_OBJC_ISA_USAGE = YES_ERROR;
				CLANG_WARN_DOCUMENTATION_COMMENTS = YES;
				CLANG_WARN_EMPTY_BODY = YES;
				CLANG_WARN_ENUM_CONVERSION = YES;
				CLANG_WARN_INFINITE_RECURSION = YES;
				CLANG_WARN_INT_CONVERSION = YES;
				CLANG_WARN_NON_LITERAL_NULL_CONVERSION = YES;
				CLANG_WARN_OBJC_IMPLICIT_RETAIN_SELF = YES;
				CLANG_WARN_OBJC_LITERAL_CONVERSION = YES;
				CLANG_WARN_OBJC_ROOT_CLASS = YES_ERROR;
				CLANG_WARN_RANGE_LOOP_ANALYSIS = YES;
				CLANG_WARN_STRICT_PROTOTYPES = YES;
				CLANG_WARN_SUSPICIOUS_MOVE = YES;
				CLANG_WARN_UNGUARDED_AVAILABILITY = YES_AGGRESSIVE;
				CLANG_WARN_UNREACHABLE_CODE = YES;
				CLANG_WARN__DUPLICATE_METHOD_MATCH = YES;
				CODE_SIGN_IDENTITY = "iPhone Developer";
				COPY_PHASE_STRIP = NO;
				DEBUG_INFORMATION_FORMAT = "dwarf-with-dsym";
				ENABLE_NS_ASSERTIONS = NO;
				ENABLE_STRICT_OBJC_MSGSEND = YES;
				GCC_C_LANGUAGE_STANDARD = gnu11;
				GCC_NO_COMMON_BLOCKS = YES;
				GCC_WARN_64_TO_32_BIT_CONVERSION = YES;
				GCC_WARN_ABOUT_RETURN_TYPE = YES_ERROR;
				GCC_WARN_UNDECLARED_SELECTOR = YES;
				GCC_WARN_UNINITIALIZED_AUTOS = YES_AGGRESSIVE;
				GCC_WARN_UNUSED_FUNCTION = YES;
				GCC_WARN_UNUSED_VARIABLE = YES;
				IPHONEOS_DEPLOYMENT_TARGET = 12.1;
				MTL_ENABLE_DEBUG_INFO = NO;
				MTL_FAST_MATH = YES;
				SDKROOT = iphoneos;
				SWIFT_COMPILATION_MODE = wholemodule;
				SWIFT_OPTIMIZATION_LEVEL = "-O";
				VALIDATE_PRODUCT = YES;
			};
			name = Release;
		};
		5BECE7BE2215565000C65933 /* Debug */ = {
			isa = XCBuildConfiguration;
			baseConfigurationReference = 5F2F05118E0298BCB7D59354 /* Pods-LimitInputText.debug.xcconfig */;
			buildSettings = {
				ASSETCATALOG_COMPILER_APPICON_NAME = AppIcon;
				CODE_SIGN_STYLE = Automatic;
				DEVELOPMENT_TEAM = DCBW8CKASN;
				INFOPLIST_FILE = LimitInputText/Info.plist;
				IPHONEOS_DEPLOYMENT_TARGET = 10.0;
				LD_RUNPATH_SEARCH_PATHS = (
					"$(inherited)",
					"@executable_path/Frameworks",
				);
				PRODUCT_BUNDLE_IDENTIFIER = com.emucoo.LimitInputText;
				PRODUCT_NAME = "$(TARGET_NAME)";
				SWIFT_VERSION = 4.2;
				TARGETED_DEVICE_FAMILY = "1,2";
			};
			name = Debug;
		};
		5BECE7BF2215565000C65933 /* Release */ = {
			isa = XCBuildConfiguration;
			baseConfigurationReference = A856B42520F595AA1E9EEC71 /* Pods-LimitInputText.release.xcconfig */;
			buildSettings = {
				ASSETCATALOG_COMPILER_APPICON_NAME = AppIcon;
				CODE_SIGN_STYLE = Automatic;
				DEVELOPMENT_TEAM = DCBW8CKASN;
				INFOPLIST_FILE = LimitInputText/Info.plist;
				IPHONEOS_DEPLOYMENT_TARGET = 10.0;
				LD_RUNPATH_SEARCH_PATHS = (
					"$(inherited)",
					"@executable_path/Frameworks",
				);
				PRODUCT_BUNDLE_IDENTIFIER = com.emucoo.LimitInputText;
				PRODUCT_NAME = "$(TARGET_NAME)";
				SWIFT_VERSION = 4.2;
				TARGETED_DEVICE_FAMILY = "1,2";
			};
			name = Release;
		};
/* End XCBuildConfiguration section */

/* Begin XCConfigurationList section */
		5BECE7A62215564F00C65933 /* Build configuration list for PBXProject "LimitInputText" */ = {
			isa = XCConfigurationList;
			buildConfigurations = (
				5BECE7BB2215565000C65933 /* Debug */,
				5BECE7BC2215565000C65933 /* Release */,
			);
			defaultConfigurationIsVisible = 0;
			defaultConfigurationName = Release;
		};
		5BECE7BD2215565000C65933 /* Build configuration list for PBXNativeTarget "LimitInputText" */ = {
			isa = XCConfigurationList;
			buildConfigurations = (
				5BECE7BE2215565000C65933 /* Debug */,
				5BECE7BF2215565000C65933 /* Release */,
			);
			defaultConfigurationIsVisible = 0;
			defaultConfigurationName = Release;
		};
/* End XCConfigurationList section */
	};
	rootObject = 5BECE7A32215564F00C65933 /* Project object */;
}
