// !$*UTF8*$!
{
	archiveVersion = 1;
	classes = {
	};
	objectVersion = 50;
	objects = {

/* Begin PBXBuildFile section */
		30E69F2921FD269470C65CFC /* Pods_TodayWidget.framework in Frameworks */ = {isa = PBXBuildFile; fileRef = DA407E61B6F20A4061BEAFA0 /* Pods_TodayWidget.framework */; };
		5B60E599221C0C9600A79FBE /* AppDelegate.swift in Sources */ = {isa = PBXBuildFile; fileRef = 5B60E598221C0C9600A79FBE /* AppDelegate.swift */; };
		5B60E59B221C0C9600A79FBE /* ViewController.swift in Sources */ = {isa = PBXBuildFile; fileRef = 5B60E59A221C0C9600A79FBE /* ViewController.swift */; };
		5B60E59E221C0C9600A79FBE /* Main.storyboard in Resources */ = {isa = PBXBuildFile; fileRef = 5B60E59C221C0C9600A79FBE /* Main.storyboard */; };
		5B60E5A0221C0C9700A79FBE /* Assets.xcassets in Resources */ = {isa = PBXBuildFile; fileRef = 5B60E59F221C0C9700A79FBE /* Assets.xcassets */; };
		5B60E5A3221C0C9700A79FBE /* LaunchScreen.storyboard in Resources */ = {isa = PBXBuildFile; fileRef = 5B60E5A1221C0C9700A79FBE /* LaunchScreen.storyboard */; };
		5BB1AD46221CF9EE00DFDD80 /* NotificationCenter.framework in Frameworks */ = {isa = PBXBuildFile; fileRef = 5BB1AD45221CF9EE00DFDD80 /* NotificationCenter.framework */; };
		5BB1AD49221CF9EE00DFDD80 /* TodayViewController.swift in Sources */ = {isa = PBXBuildFile; fileRef = 5BB1AD48221CF9EE00DFDD80 /* TodayViewController.swift */; };
		5BB1AD4C221CF9EE00DFDD80 /* MainInterface.storyboard in Resources */ = {isa = PBXBuildFile; fileRef = 5BB1AD4A221CF9EE00DFDD80 /* MainInterface.storyboard */; };
		5BB1AD50221CF9EE00DFDD80 /* TodayExtension.appex in Embed App Extensions */ = {isa = PBXBuildFile; fileRef = 5BB1AD44221CF9ED00DFDD80 /* TodayExtension.appex */; settings = {ATTRIBUTES = (RemoveHeadersOnCopy, ); }; };
/* End PBXBuildFile section */

/* Begin PBXContainerItemProxy section */
		5BB1AD4E221CF9EE00DFDD80 /* PBXContainerItemProxy */ = {
			isa = PBXContainerItemProxy;
			containerPortal = 5B60E58D221C0C9600A79FBE /* Project object */;
			proxyType = 1;
			remoteGlobalIDString = 5BB1AD43221CF9ED00DFDD80;
			remoteInfo = TodayExtension;
		};
/* End PBXContainerItemProxy section */

/* Begin PBXCopyFilesBuildPhase section */
		5B60E5BE221C0DF400A79FBE /* Embed App Extensions */ = {
			isa = PBXCopyFilesBuildPhase;
			buildActionMask = 2147483647;
			dstPath = "";
			dstSubfolderSpec = 13;
			files = (
				5BB1AD50221CF9EE00DFDD80 /* TodayExtension.appex in Embed App Extensions */,
			);
			name = "Embed App Extensions";
			runOnlyForDeploymentPostprocessing = 0;
		};
/* End PBXCopyFilesBuildPhase section */

/* Begin PBXFileReference section */
		215CF77A9C84BD02E6D6C3F8 /* Pods-TodayWidget.release.xcconfig */ = {isa = PBXFileReference; includeInIndex = 1; lastKnownFileType = text.xcconfig; name = "Pods-TodayWidget.release.xcconfig"; path = "Target Support Files/Pods-TodayWidget/Pods-TodayWidget.release.xcconfig"; sourceTree = "<group>"; };
		5B60E595221C0C9600A79FBE /* TodayWidget.app */ = {isa = PBXFileReference; explicitFileType = wrapper.application; includeInIndex = 0; path = TodayWidget.app; sourceTree = BUILT_PRODUCTS_DIR; };
		5B60E598221C0C9600A79FBE /* AppDelegate.swift */ = {isa = PBXFileReference; lastKnownFileType = sourcecode.swift; path = AppDelegate.swift; sourceTree = "<group>"; };
		5B60E59A221C0C9600A79FBE /* ViewController.swift */ = {isa = PBXFileReference; lastKnownFileType = sourcecode.swift; path = ViewController.swift; sourceTree = "<group>"; };
		5B60E59D221C0C9600A79FBE /* Base */ = {isa = PBXFileReference; lastKnownFileType = file.storyboard; name = Base; path = Base.lproj/Main.storyboard; sourceTree = "<group>"; };
		5B60E59F221C0C9700A79FBE /* Assets.xcassets */ = {isa = PBXFileReference; lastKnownFileType = folder.assetcatalog; path = Assets.xcassets; sourceTree = "<group>"; };
		5B60E5A2221C0C9700A79FBE /* Base */ = {isa = PBXFileReference; lastKnownFileType = file.storyboard; name = Base; path = Base.lproj/LaunchScreen.storyboard; sourceTree = "<group>"; };
		5B60E5A4221C0C9700A79FBE /* Info.plist */ = {isa = PBXFileReference; lastKnownFileType = text.plist.xml; path = Info.plist; sourceTree = "<group>"; };
		5B60E5C0221C0E3B00A79FBE /* TodayWidget.entitlements */ = {isa = PBXFileReference; lastKnownFileType = text.plist.entitlements; path = TodayWidget.entitlements; sourceTree = "<group>"; };
		5BB1AD44221CF9ED00DFDD80 /* TodayExtension.appex */ = {isa = PBXFileReference; explicitFileType = "wrapper.app-extension"; includeInIndex = 0; path = TodayExtension.appex; sourceTree = BUILT_PRODUCTS_DIR; };
		5BB1AD45221CF9EE00DFDD80 /* NotificationCenter.framework */ = {isa = PBXFileReference; lastKnownFileType = wrapper.framework; name = NotificationCenter.framework; path = System/Library/Frameworks/NotificationCenter.framework; sourceTree = SDKROOT; };
		5BB1AD48221CF9EE00DFDD80 /* TodayViewController.swift */ = {isa = PBXFileReference; lastKnownFileType = sourcecode.swift; path = TodayViewController.swift; sourceTree = "<group>"; };
		5BB1AD4B221CF9EE00DFDD80 /* Base */ = {isa = PBXFileReference; lastKnownFileType = file.storyboard; name = Base; path = Base.lproj/MainInterface.storyboard; sourceTree = "<group>"; };
		5BB1AD4D221CF9EE00DFDD80 /* Info.plist */ = {isa = PBXFileReference; lastKnownFileType = text.plist.xml; path = Info.plist; sourceTree = "<group>"; };
		5BB1AD54221CFA8400DFDD80 /* TodayExtension.entitlements */ = {isa = PBXFileReference; lastKnownFileType = text.plist.entitlements; path = TodayExtension.entitlements; sourceTree = "<group>"; };
		DA407E61B6F20A4061BEAFA0 /* Pods_TodayWidget.framework */ = {isa = PBXFileReference; explicitFileType = wrapper.framework; includeInIndex = 0; path = Pods_TodayWidget.framework; sourceTree = BUILT_PRODUCTS_DIR; };
		EDE425E3CD9FDCED8AD2BF87 /* Pods-TodayWidget.debug.xcconfig */ = {isa = PBXFileReference; includeInIndex = 1; lastKnownFileType = text.xcconfig; name = "Pods-TodayWidget.debug.xcconfig"; path = "Target Support Files/Pods-TodayWidget/Pods-TodayWidget.debug.xcconfig"; sourceTree = "<group>"; };
/* End PBXFileReference section */

/* Begin PBXFrameworksBuildPhase section */
		5B60E592221C0C9600A79FBE /* Frameworks */ = {
			isa = PBXFrameworksBuildPhase;
			buildActionMask = 2147483647;
			files = (
				30E69F2921FD269470C65CFC /* Pods_TodayWidget.framework in Frameworks */,
			);
			runOnlyForDeploymentPostprocessing = 0;
		};
		5BB1AD41221CF9ED00DFDD80 /* Frameworks */ = {
			isa = PBXFrameworksBuildPhase;
			buildActionMask = 2147483647;
			files = (
				5BB1AD46221CF9EE00DFDD80 /* NotificationCenter.framework in Frameworks */,
			);
			runOnlyForDeploymentPostprocessing = 0;
		};
/* End PBXFrameworksBuildPhase section */

/* Begin PBXGroup section */
		5B60E58C221C0C9600A79FBE = {
			isa = PBXGroup;
			children = (
				5B60E597221C0C9600A79FBE /* TodayWidget */,
				5BB1AD47221CF9EE00DFDD80 /* TodayExtension */,
				5B60E596221C0C9600A79FBE /* Products */,
				8986186CA25719E1B86E5A17 /* Pods */,
				BC5023D61054ACFA22DC5905 /* Frameworks */,
			);
			sourceTree = "<group>";
		};
		5B60E596221C0C9600A79FBE /* Products */ = {
			isa = PBXGroup;
			children = (
				5B60E595221C0C9600A79FBE /* TodayWidget.app */,
				5BB1AD44221CF9ED00DFDD80 /* TodayExtension.appex */,
			);
			name = Products;
			sourceTree = "<group>";
		};
		5B60E597221C0C9600A79FBE /* TodayWidget */ = {
			isa = PBXGroup;
			children = (
				5B60E5C0221C0E3B00A79FBE /* TodayWidget.entitlements */,
				5B60E598221C0C9600A79FBE /* AppDelegate.swift */,
				5B60E59A221C0C9600A79FBE /* ViewController.swift */,
				5B60E59C221C0C9600A79FBE /* Main.storyboard */,
				5B60E59F221C0C9700A79FBE /* Assets.xcassets */,
				5B60E5A1221C0C9700A79FBE /* LaunchScreen.storyboard */,
				5B60E5A4221C0C9700A79FBE /* Info.plist */,
			);
			path = TodayWidget;
			sourceTree = "<group>";
		};
		5BB1AD47221CF9EE00DFDD80 /* TodayExtension */ = {
			isa = PBXGroup;
			children = (
				5BB1AD54221CFA8400DFDD80 /* TodayExtension.entitlements */,
				5BB1AD48221CF9EE00DFDD80 /* TodayViewController.swift */,
				5BB1AD4A221CF9EE00DFDD80 /* MainInterface.storyboard */,
				5BB1AD4D221CF9EE00DFDD80 /* Info.plist */,
			);
			path = TodayExtension;
			sourceTree = "<group>";
		};
		8986186CA25719E1B86E5A17 /* Pods */ = {
			isa = PBXGroup;
			children = (
				EDE425E3CD9FDCED8AD2BF87 /* Pods-TodayWidget.debug.xcconfig */,
				215CF77A9C84BD02E6D6C3F8 /* Pods-TodayWidget.release.xcconfig */,
			);
			path = Pods;
			sourceTree = "<group>";
		};
		BC5023D61054ACFA22DC5905 /* Frameworks */ = {
			isa = PBXGroup;
			children = (
				DA407E61B6F20A4061BEAFA0 /* Pods_TodayWidget.framework */,
				5BB1AD45221CF9EE00DFDD80 /* NotificationCenter.framework */,
			);
			name = Frameworks;
			sourceTree = "<group>";
		};
/* End PBXGroup section */

/* Begin PBXNativeTarget section */
		5B60E594221C0C9600A79FBE /* TodayWidget */ = {
			isa = PBXNativeTarget;
			buildConfigurationList = 5B60E5A7221C0C9700A79FBE /* Build configuration list for PBXNativeTarget "TodayWidget" */;
			buildPhases = (
				C59DE82205E4197E68898033 /* [CP] Check Pods Manifest.lock */,
				5B60E591221C0C9600A79FBE /* Sources */,
				5B60E592221C0C9600A79FBE /* Frameworks */,
				5B60E593221C0C9600A79FBE /* Resources */,
				5B60E5BE221C0DF400A79FBE /* Embed App Extensions */,
				D018F1C2EAD43D5C0AF04ADF /* [CP] Embed Pods Frameworks */,
			);
			buildRules = (
			);
			dependencies = (
				5BB1AD4F221CF9EE00DFDD80 /* PBXTargetDependency */,
			);
			name = TodayWidget;
			productName = TodayWidget;
			productReference = 5B60E595221C0C9600A79FBE /* TodayWidget.app */;
			productType = "com.apple.product-type.application";
		};
		5BB1AD43221CF9ED00DFDD80 /* TodayExtension */ = {
			isa = PBXNativeTarget;
			buildConfigurationList = 5BB1AD53221CF9EE00DFDD80 /* Build configuration list for PBXNativeTarget "TodayExtension" */;
			buildPhases = (
				5BB1AD40221CF9ED00DFDD80 /* Sources */,
				5BB1AD41221CF9ED00DFDD80 /* Frameworks */,
				5BB1AD42221CF9ED00DFDD80 /* Resources */,
			);
			buildRules = (
			);
			dependencies = (
			);
			name = TodayExtension;
			productName = TodayExtension;
			productReference = 5BB1AD44221CF9ED00DFDD80 /* TodayExtension.appex */;
			productType = "com.apple.product-type.app-extension";
		};
/* End PBXNativeTarget section */

/* Begin PBXProject section */
		5B60E58D221C0C9600A79FBE /* Project object */ = {
			isa = PBXProject;
			attributes = {
				LastSwiftUpdateCheck = 1010;
				LastUpgradeCheck = 1010;
				ORGANIZATIONNAME = Emucoo;
				TargetAttributes = {
					5B60E594221C0C9600A79FBE = {
						CreatedOnToolsVersion = 10.1;
						SystemCapabilities = {
							com.apple.ApplicationGroups.iOS = {
								enabled = 1;
							};
						};
					};
					5BB1AD43221CF9ED00DFDD80 = {
						CreatedOnToolsVersion = 10.1;
						SystemCapabilities = {
							com.apple.ApplicationGroups.iOS = {
								enabled = 1;
							};
						};
					};
				};
			};
			buildConfigurationList = 5B60E590221C0C9600A79FBE /* Build configuration list for PBXProject "TodayWidget" */;
			compatibilityVersion = "Xcode 9.3";
			developmentRegion = en;
			hasScannedForEncodings = 0;
			knownRegions = (
				en,
				Base,
			);
			mainGroup = 5B60E58C221C0C9600A79FBE;
			productRefGroup = 5B60E596221C0C9600A79FBE /* Products */;
			projectDirPath = "";
			projectRoot = "";
			targets = (
				5B60E594221C0C9600A79FBE /* TodayWidget */,
				5BB1AD43221CF9ED00DFDD80 /* TodayExtension */,
			);
		};
/* End PBXProject section */

/* Begin PBXResourcesBuildPhase section */
		5B60E593221C0C9600A79FBE /* Resources */ = {
			isa = PBXResourcesBuildPhase;
			buildActionMask = 2147483647;
			files = (
				5B60E5A3221C0C9700A79FBE /* LaunchScreen.storyboard in Resources */,
				5B60E5A0221C0C9700A79FBE /* Assets.xcassets in Resources */,
				5B60E59E221C0C9600A79FBE /* Main.storyboard in Resources */,
			);
			runOnlyForDeploymentPostprocessing = 0;
		};
		5BB1AD42221CF9ED00DFDD80 /* Resources */ = {
			isa = PBXResourcesBuildPhase;
			buildActionMask = 2147483647;
			files = (
				5BB1AD4C221CF9EE00DFDD80 /* MainInterface.storyboard in Resources */,
			);
			runOnlyForDeploymentPostprocessing = 0;
		};
/* End PBXResourcesBuildPhase section */

/* Begin PBXShellScriptBuildPhase section */
		C59DE82205E4197E68898033 /* [CP] Check Pods Manifest.lock */ = {
			isa = PBXShellScriptBuildPhase;
			buildActionMask = 2147483647;
			files = (
			);
			inputFileListPaths = (
			);
			inputPaths = (
				"${PODS_PODFILE_DIR_PATH}/Podfile.lock",
				"${PODS_ROOT}/Manifest.lock",
			);
			name = "[CP] Check Pods Manifest.lock";
			outputFileListPaths = (
			);
			outputPaths = (
				"$(DERIVED_FILE_DIR)/Pods-TodayWidget-checkManifestLockResult.txt",
			);
			runOnlyForDeploymentPostprocessing = 0;
			shellPath = /bin/sh;
			shellScript = "diff \"${PODS_PODFILE_DIR_PATH}/Podfile.lock\" \"${PODS_ROOT}/Manifest.lock\" > /dev/null\nif [ $? != 0 ] ; then\n    # print error to STDERR\n    echo \"error: The sandbox is not in sync with the Podfile.lock. Run 'pod install' or update your CocoaPods installation.\" >&2\n    exit 1\nfi\n# This output is used by Xcode 'outputs' to avoid re-running this script phase.\necho \"SUCCESS\" > \"${SCRIPT_OUTPUT_FILE_0}\"\n";
			showEnvVarsInLog = 0;
		};
		D018F1C2EAD43D5C0AF04ADF /* [CP] Embed Pods Frameworks */ = {
			isa = PBXShellScriptBuildPhase;
			buildActionMask = 2147483647;
			files = (
			);
			inputFileListPaths = (
			);
			inputPaths = (
				"${PODS_ROOT}/Target Support Files/Pods-TodayWidget/Pods-TodayWidget-frameworks.sh",
				"${BUILT_PRODUCTS_DIR}/SnapKit/SnapKit.framework",
			);
			name = "[CP] Embed Pods Frameworks";
			outputFileListPaths = (
			);
			outputPaths = (
				"${TARGET_BUILD_DIR}/${FRAMEWORKS_FOLDER_PATH}/SnapKit.framework",
			);
			runOnlyForDeploymentPostprocessing = 0;
			shellPath = /bin/sh;
			shellScript = "\"${PODS_ROOT}/Target Support Files/Pods-TodayWidget/Pods-TodayWidget-frameworks.sh\"\n";
			showEnvVarsInLog = 0;
		};
/* End PBXShellScriptBuildPhase section */

/* Begin PBXSourcesBuildPhase section */
		5B60E591221C0C9600A79FBE /* Sources */ = {
			isa = PBXSourcesBuildPhase;
			buildActionMask = 2147483647;
			files = (
				5B60E59B221C0C9600A79FBE /* ViewController.swift in Sources */,
				5B60E599221C0C9600A79FBE /* AppDelegate.swift in Sources */,
			);
			runOnlyForDeploymentPostprocessing = 0;
		};
		5BB1AD40221CF9ED00DFDD80 /* Sources */ = {
			isa = PBXSourcesBuildPhase;
			buildActionMask = 2147483647;
			files = (
				5BB1AD49221CF9EE00DFDD80 /* TodayViewController.swift in Sources */,
			);
			runOnlyForDeploymentPostprocessing = 0;
		};
/* End PBXSourcesBuildPhase section */

/* Begin PBXTargetDependency section */
		5BB1AD4F221CF9EE00DFDD80 /* PBXTargetDependency */ = {
			isa = PBXTargetDependency;
			target = 5BB1AD43221CF9ED00DFDD80 /* TodayExtension */;
			targetProxy = 5BB1AD4E221CF9EE00DFDD80 /* PBXContainerItemProxy */;
		};
/* End PBXTargetDependency section */

/* Begin PBXVariantGroup section */
		5B60E59C221C0C9600A79FBE /* Main.storyboard */ = {
			isa = PBXVariantGroup;
			children = (
				5B60E59D221C0C9600A79FBE /* Base */,
			);
			name = Main.storyboard;
			sourceTree = "<group>";
		};
		5B60E5A1221C0C9700A79FBE /* LaunchScreen.storyboard */ = {
			isa = PBXVariantGroup;
			children = (
				5B60E5A2221C0C9700A79FBE /* Base */,
			);
			name = LaunchScreen.storyboard;
			sourceTree = "<group>";
		};
		5BB1AD4A221CF9EE00DFDD80 /* MainInterface.storyboard */ = {
			isa = PBXVariantGroup;
			children = (
				5BB1AD4B221CF9EE00DFDD80 /* Base */,
			);
			name = MainInterface.storyboard;
			sourceTree = "<group>";
		};
/* End PBXVariantGroup section */

/* Begin XCBuildConfiguration section */
		5B60E5A5221C0C9700A79FBE /* Debug */ = {
			isa = XCBuildConfiguration;
			buildSettings = {
				ALWAYS_SEARCH_USER_PATHS = NO;
				CLANG_ANALYZER_NONNULL = YES;
				CLANG_ANALYZER_NUMBER_OBJECT_CONVERSION = YES_AGGRESSIVE;
				CLANG_CXX_LANGUAGE_STANDARD = "gnu++14";
				CLANG_CXX_LIBRARY = "libc++";
				CLANG_ENABLE_MODULES = YES;
				CLANG_ENABLE_OBJC_ARC = YES;
				CLANG_ENABLE_OBJC_WEAK = YES;
				CLANG_WARN_BLOCK_CAPTURE_AUTORELEASING = YES;
				CLANG_WARN_BOOL_CONVERSION = YES;
				CLANG_WARN_COMMA = YES;
				CLANG_WARN_CONSTANT_CONVERSION = YES;
				CLANG_WARN_DEPRECATED_OBJC_IMPLEMENTATIONS = YES;
				CLANG_WARN_DIRECT_OBJC_ISA_USAGE = YES_ERROR;
				CLANG_WARN_DOCUMENTATION_COMMENTS = YES;
				CLANG_WARN_EMPTY_BODY = YES;
				CLANG_WARN_ENUM_CONVERSION = YES;
				CLANG_WARN_INFINITE_RECURSION = YES;
				CLANG_WARN_INT_CONVERSION = YES;
				CLANG_WARN_NON_LITERAL_NULL_CONVERSION = YES;
				CLANG_WARN_OBJC_IMPLICIT_RETAIN_SELF = YES;
				CLANG_WARN_OBJC_LITERAL_CONVERSION = YES;
				CLANG_WARN_OBJC_ROOT_CLASS = YES_ERROR;
				CLANG_WARN_RANGE_LOOP_ANALYSIS = YES;
				CLANG_WARN_STRICT_PROTOTYPES = YES;
				CLANG_WARN_SUSPICIOUS_MOVE = YES;
				CLANG_WARN_UNGUARDED_AVAILABILITY = YES_AGGRESSIVE;
				CLANG_WARN_UNREACHABLE_CODE = YES;
				CLANG_WARN__DUPLICATE_METHOD_MATCH = YES;
				CODE_SIGN_IDENTITY = "iPhone Developer";
				COPY_PHASE_STRIP = NO;
				DEBUG_INFORMATION_FORMAT = dwarf;
				ENABLE_STRICT_OBJC_MSGSEND = YES;
				ENABLE_TESTABILITY = YES;
				GCC_C_LANGUAGE_STANDARD = gnu11;
				GCC_DYNAMIC_NO_PIC = NO;
				GCC_NO_COMMON_BLOCKS = YES;
				GCC_OPTIMIZATION_LEVEL = 0;
				GCC_PREPROCESSOR_DEFINITIONS = (
					"DEBUG=1",
					"$(inherited)",
				);
				GCC_WARN_64_TO_32_BIT_CONVERSION = YES;
				GCC_WARN_ABOUT_RETURN_TYPE = YES_ERROR;
				GCC_WARN_UNDECLARED_SELECTOR = YES;
				GCC_WARN_UNINITIALIZED_AUTOS = YES_AGGRESSIVE;
				GCC_WARN_UNUSED_FUNCTION = YES;
				GCC_WARN_UNUSED_VARIABLE = YES;
				IPHONEOS_DEPLOYMENT_TARGET = 12.1;
				MTL_ENABLE_DEBUG_INFO = INCLUDE_SOURCE;
				MTL_FAST_MATH = YES;
				ONLY_ACTIVE_ARCH = YES;
				SDKROOT = iphoneos;
				SWIFT_ACTIVE_COMPILATION_CONDITIONS = DEBUG;
				SWIFT_OPTIMIZATION_LEVEL = "-Onone";
			};
			name = Debug;
		};
		5B60E5A6221C0C9700A79FBE /* Release */ = {
			isa = XCBuildConfiguration;
			buildSettings = {
				ALWAYS_SEARCH_USER_PATHS = NO;
				CLANG_ANALYZER_NONNULL = YES;
				CLANG_ANALYZER_NUMBER_OBJECT_CONVERSION = YES_AGGRESSIVE;
				CLANG_CXX_LANGUAGE_STANDARD = "gnu++14";
				CLANG_CXX_LIBRARY = "libc++";
				CLANG_ENABLE_MODULES = YES;
				CLANG_ENABLE_OBJC_ARC = YES;
				CLANG_ENABLE_OBJC_WEAK = YES;
				CLANG_WARN_BLOCK_CAPTURE_AUTORELEASING = YES;
				CLANG_WARN_BOOL_CONVERSION = YES;
				CLANG_WARN_COMMA = YES;
				CLANG_WARN_CONSTANT_CONVERSION = YES;
				CLANG_WARN_DEPRECATED_OBJC_IMPLEMENTATIONS = YES;
				CLANG_WARN_DIRECT_OBJC_ISA_USAGE = YES_ERROR;
				CLANG_WARN_DOCUMENTATION_COMMENTS = YES;
				CLANG_WARN_EMPTY_BODY = YES;
				CLANG_WARN_ENUM_CONVERSION = YES;
				CLANG_WARN_INFINITE_RECURSION = YES;
				CLANG_WARN_INT_CONVERSION = YES;
				CLANG_WARN_NON_LITERAL_NULL_CONVERSION = YES;
				CLANG_WARN_OBJC_IMPLICIT_RETAIN_SELF = YES;
				CLANG_WARN_OBJC_LITERAL_CONVERSION = YES;
				CLANG_WARN_OBJC_ROOT_CLASS = YES_ERROR;
				CLANG_WARN_RANGE_LOOP_ANALYSIS = YES;
				CLANG_WARN_STRICT_PROTOTYPES = YES;
				CLANG_WARN_SUSPICIOUS_MOVE = YES;
				CLANG_WARN_UNGUARDED_AVAILABILITY = YES_AGGRESSIVE;
				CLANG_WARN_UNREACHABLE_CODE = YES;
				CLANG_WARN__DUPLICATE_METHOD_MATCH = YES;
				CODE_SIGN_IDENTITY = "iPhone Developer";
				COPY_PHASE_STRIP = NO;
				DEBUG_INFORMATION_FORMAT = "dwarf-with-dsym";
				ENABLE_NS_ASSERTIONS = NO;
				ENABLE_STRICT_OBJC_MSGSEND = YES;
				GCC_C_LANGUAGE_STANDARD = gnu11;
				GCC_NO_COMMON_BLOCKS = YES;
				GCC_WARN_64_TO_32_BIT_CONVERSION = YES;
				GCC_WARN_ABOUT_RETURN_TYPE = YES_ERROR;
				GCC_WARN_UNDECLARED_SELECTOR = YES;
				GCC_WARN_UNINITIALIZED_AUTOS = YES_AGGRESSIVE;
				GCC_WARN_UNUSED_FUNCTION = YES;
				GCC_WARN_UNUSED_VARIABLE = YES;
				IPHONEOS_DEPLOYMENT_TARGET = 12.1;
				MTL_ENABLE_DEBUG_INFO = NO;
				MTL_FAST_MATH = YES;
				SDKROOT = iphoneos;
				SWIFT_COMPILATION_MODE = wholemodule;
				SWIFT_OPTIMIZATION_LEVEL = "-O";
				VALIDATE_PRODUCT = YES;
			};
			name = Release;
		};
		5B60E5A8221C0C9700A79FBE /* Debug */ = {
			isa = XCBuildConfiguration;
			baseConfigurationReference = EDE425E3CD9FDCED8AD2BF87 /* Pods-TodayWidget.debug.xcconfig */;
			buildSettings = {
				ALWAYS_EMBED_SWIFT_STANDARD_LIBRARIES = YES;
				ASSETCATALOG_COMPILER_APPICON_NAME = AppIcon;
				CODE_SIGN_ENTITLEMENTS = TodayWidget/TodayWidget.entitlements;
				CODE_SIGN_STYLE = Automatic;
				DEVELOPMENT_TEAM = DCBW8CKASN;
				INFOPLIST_FILE = TodayWidget/Info.plist;
				LD_RUNPATH_SEARCH_PATHS = (
					"$(inherited)",
					"@executable_path/Frameworks",
				);
				PRODUCT_BUNDLE_IDENTIFIER = com.emucoo.TodayWidget;
				PRODUCT_NAME = "$(TARGET_NAME)";
				SWIFT_VERSION = 4.2;
				TARGETED_DEVICE_FAMILY = "1,2";
			};
			name = Debug;
		};
		5B60E5A9221C0C9700A79FBE /* Release */ = {
			isa = XCBuildConfiguration;
			baseConfigurationReference = 215CF77A9C84BD02E6D6C3F8 /* Pods-TodayWidget.release.xcconfig */;
			buildSettings = {
				ALWAYS_EMBED_SWIFT_STANDARD_LIBRARIES = YES;
				ASSETCATALOG_COMPILER_APPICON_NAME = AppIcon;
				CODE_SIGN_ENTITLEMENTS = TodayWidget/TodayWidget.entitlements;
				CODE_SIGN_STYLE = Automatic;
				DEVELOPMENT_TEAM = DCBW8CKASN;
				INFOPLIST_FILE = TodayWidget/Info.plist;
				LD_RUNPATH_SEARCH_PATHS = (
					"$(inherited)",
					"@executable_path/Frameworks",
				);
				PRODUCT_BUNDLE_IDENTIFIER = com.emucoo.TodayWidget;
				PRODUCT_NAME = "$(TARGET_NAME)";
				SWIFT_VERSION = 4.2;
				TARGETED_DEVICE_FAMILY = "1,2";
			};
			name = Release;
		};
		5BB1AD51221CF9EE00DFDD80 /* Debug */ = {
			isa = XCBuildConfiguration;
			buildSettings = {
				CODE_SIGN_ENTITLEMENTS = TodayExtension/TodayExtension.entitlements;
				CODE_SIGN_STYLE = Automatic;
				DEVELOPMENT_TEAM = DCBW8CKASN;
				INFOPLIST_FILE = TodayExtension/Info.plist;
				LD_RUNPATH_SEARCH_PATHS = (
					"$(inherited)",
					"@executable_path/Frameworks",
					"@executable_path/../../Frameworks",
				);
				PRODUCT_BUNDLE_IDENTIFIER = com.emucoo.TodayWidget.TodayExtension;
				PRODUCT_NAME = "$(TARGET_NAME)";
				SKIP_INSTALL = YES;
				SWIFT_VERSION = 4.2;
				TARGETED_DEVICE_FAMILY = "1,2";
			};
			name = Debug;
		};
		5BB1AD52221CF9EE00DFDD80 /* Release */ = {
			isa = XCBuildConfiguration;
			buildSettings = {
				CODE_SIGN_ENTITLEMENTS = TodayExtension/TodayExtension.entitlements;
				CODE_SIGN_STYLE = Automatic;
				DEVELOPMENT_TEAM = DCBW8CKASN;
				INFOPLIST_FILE = TodayExtension/Info.plist;
				LD_RUNPATH_SEARCH_PATHS = (
					"$(inherited)",
					"@executable_path/Frameworks",
					"@executable_path/../../Frameworks",
				);
				PRODUCT_BUNDLE_IDENTIFIER = com.emucoo.TodayWidget.TodayExtension;
				PRODUCT_NAME = "$(TARGET_NAME)";
				SKIP_INSTALL = YES;
				SWIFT_VERSION = 4.2;
				TARGETED_DEVICE_FAMILY = "1,2";
			};
			name = Release;
		};
/* End XCBuildConfiguration section */

/* Begin XCConfigurationList section */
		5B60E590221C0C9600A79FBE /* Build configuration list for PBXProject "TodayWidget" */ = {
			isa = XCConfigurationList;
			buildConfigurations = (
				5B60E5A5221C0C9700A79FBE /* Debug */,
				5B60E5A6221C0C9700A79FBE /* Release */,
			);
			defaultConfigurationIsVisible = 0;
			defaultConfigurationName = Release;
		};
		5B60E5A7221C0C9700A79FBE /* Build configuration list for PBXNativeTarget "TodayWidget" */ = {
			isa = XCConfigurationList;
			buildConfigurations = (
				5B60E5A8221C0C9700A79FBE /* Debug */,
				5B60E5A9221C0C9700A79FBE /* Release */,
			);
			defaultConfigurationIsVisible = 0;
			defaultConfigurationName = Release;
		};
		5BB1AD53221CF9EE00DFDD80 /* Build configuration list for PBXNativeTarget "TodayExtension" */ = {
			isa = XCConfigurationList;
			buildConfigurations = (
				5BB1AD51221CF9EE00DFDD80 /* Debug */,
				5BB1AD52221CF9EE00DFDD80 /* Release */,
			);
			defaultConfigurationIsVisible = 0;
			defaultConfigurationName = Release;
		};
/* End XCConfigurationList section */
	};
	rootObject = 5B60E58D221C0C9600A79FBE /* Project object */;
}
