// !$*UTF8*$!
{
	archiveVersion = 1;
	classes = {
	};
	objectVersion = 50;
	objects = {

/* Begin PBXBuildFile section */
		5B60E1C2221BDB8F00A79FBE /* AppDelegate.swift in Sources */ = {isa = PBXBuildFile; fileRef = 5B60E1C1221BDB8F00A79FBE /* AppDelegate.swift */; };
		5B60E1C4221BDB8F00A79FBE /* ViewController.swift in Sources */ = {isa = PBXBuildFile; fileRef = 5B60E1C3221BDB8F00A79FBE /* ViewController.swift */; };
		5B60E1C7221BDB8F00A79FBE /* Main.storyboard in Resources */ = {isa = PBXBuildFile; fileRef = 5B60E1C5221BDB8F00A79FBE /* Main.storyboard */; };
		5B60E1C9221BDB8F00A79FBE /* Assets.xcassets in Resources */ = {isa = PBXBuildFile; fileRef = 5B60E1C8221BDB8F00A79FBE /* Assets.xcassets */; };
		5B60E1CC221BDB8F00A79FBE /* LaunchScreen.storyboard in Resources */ = {isa = PBXBuildFile; fileRef = 5B60E1CA221BDB8F00A79FBE /* LaunchScreen.storyboard */; };
		5B60E58B221BFEE700A79FBE /* DetailViewController.swift in Sources */ = {isa = PBXBuildFile; fileRef = 5B60E58A221BFEE700A79FBE /* DetailViewController.swift */; };
/* End PBXBuildFile section */

/* Begin PBXFileReference section */
		5B60E1BE221BDB8F00A79FBE /* SpotlightSearch.app */ = {isa = PBXFileReference; explicitFileType = wrapper.application; includeInIndex = 0; path = SpotlightSearch.app; sourceTree = BUILT_PRODUCTS_DIR; };
		5B60E1C1221BDB8F00A79FBE /* AppDelegate.swift */ = {isa = PBXFileReference; lastKnownFileType = sourcecode.swift; path = AppDelegate.swift; sourceTree = "<group>"; };
		5B60E1C3221BDB8F00A79FBE /* ViewController.swift */ = {isa = PBXFileReference; lastKnownFileType = sourcecode.swift; path = ViewController.swift; sourceTree = "<group>"; };
		5B60E1C6221BDB8F00A79FBE /* Base */ = {isa = PBXFileReference; lastKnownFileType = file.storyboard; name = Base; path = Base.lproj/Main.storyboard; sourceTree = "<group>"; };
		5B60E1C8221BDB8F00A79FBE /* Assets.xcassets */ = {isa = PBXFileReference; lastKnownFileType = folder.assetcatalog; path = Assets.xcassets; sourceTree = "<group>"; };
		5B60E1CB221BDB8F00A79FBE /* Base */ = {isa = PBXFileReference; lastKnownFileType = file.storyboard; name = Base; path = Base.lproj/LaunchScreen.storyboard; sourceTree = "<group>"; };
		5B60E1CD221BDB8F00A79FBE /* Info.plist */ = {isa = PBXFileReference; lastKnownFileType = text.plist.xml; path = Info.plist; sourceTree = "<group>"; };
		5B60E58A221BFEE700A79FBE /* DetailViewController.swift */ = {isa = PBXFileReference; lastKnownFileType = sourcecode.swift; path = DetailViewController.swift; sourceTree = "<group>"; };
/* End PBXFileReference section */

/* Begin PBXFrameworksBuildPhase section */
		5B60E1BB221BDB8F00A79FBE /* Frameworks */ = {
			isa = PBXFrameworksBuildPhase;
			buildActionMask = 2147483647;
			files = (
			);
			runOnlyForDeploymentPostprocessing = 0;
		};
/* End PBXFrameworksBuildPhase section */

/* Begin PBXGroup section */
		5B60E1B5221BDB8F00A79FBE = {
			isa = PBXGroup;
			children = (
				5B60E1C0221BDB8F00A79FBE /* SpotlightSearch */,
				5B60E1BF221BDB8F00A79FBE /* Products */,
			);
			sourceTree = "<group>";
		};
		5B60E1BF221BDB8F00A79FBE /* Products */ = {
			isa = PBXGroup;
			children = (
				5B60E1BE221BDB8F00A79FBE /* SpotlightSearch.app */,
			);
			name = Products;
			sourceTree = "<group>";
		};
		5B60E1C0221BDB8F00A79FBE /* SpotlightSearch */ = {
			isa = PBXGroup;
			children = (
				5B60E1C1221BDB8F00A79FBE /* AppDelegate.swift */,
				5B60E1C3221BDB8F00A79FBE /* ViewController.swift */,
				5B60E58A221BFEE700A79FBE /* DetailViewController.swift */,
				5B60E1C5221BDB8F00A79FBE /* Main.storyboard */,
				5B60E1C8221BDB8F00A79FBE /* Assets.xcassets */,
				5B60E1CA221BDB8F00A79FBE /* LaunchScreen.storyboard */,
				5B60E1CD221BDB8F00A79FBE /* Info.plist */,
			);
			path = SpotlightSearch;
			sourceTree = "<group>";
		};
/* End PBXGroup section */

/* Begin PBXNativeTarget section */
		5B60E1BD221BDB8F00A79FBE /* SpotlightSearch */ = {
			isa = PBXNativeTarget;
			buildConfigurationList = 5B60E1D0221BDB8F00A79FBE /* Build configuration list for PBXNativeTarget "SpotlightSearch" */;
			buildPhases = (
				5B60E1BA221BDB8F00A79FBE /* Sources */,
				5B60E1BB221BDB8F00A79FBE /* Frameworks */,
				5B60E1BC221BDB8F00A79FBE /* Resources */,
			);
			buildRules = (
			);
			dependencies = (
			);
			name = SpotlightSearch;
			productName = SpotlightSearch;
			productReference = 5B60E1BE221BDB8F00A79FBE /* SpotlightSearch.app */;
			productType = "com.apple.product-type.application";
		};
/* End PBXNativeTarget section */

/* Begin PBXProject section */
		5B60E1B6221BDB8F00A79FBE /* Project object */ = {
			isa = PBXProject;
			attributes = {
				LastSwiftUpdateCheck = 1010;
				LastUpgradeCheck = 1010;
				ORGANIZATIONNAME = Emucoo;
				TargetAttributes = {
					5B60E1BD221BDB8F00A79FBE = {
						CreatedOnToolsVersion = 10.1;
					};
				};
			};
			buildConfigurationList = 5B60E1B9221BDB8F00A79FBE /* Build configuration list for PBXProject "SpotlightSearch" */;
			compatibilityVersion = "Xcode 9.3";
			developmentRegion = en;
			hasScannedForEncodings = 0;
			knownRegions = (
				en,
				Base,
			);
			mainGroup = 5B60E1B5221BDB8F00A79FBE;
			productRefGroup = 5B60E1BF221BDB8F00A79FBE /* Products */;
			projectDirPath = "";
			projectRoot = "";
			targets = (
				5B60E1BD221BDB8F00A79FBE /* SpotlightSearch */,
			);
		};
/* End PBXProject section */

/* Begin PBXResourcesBuildPhase section */
		5B60E1BC221BDB8F00A79FBE /* Resources */ = {
			isa = PBXResourcesBuildPhase;
			buildActionMask = 2147483647;
			files = (
				5B60E1CC221BDB8F00A79FBE /* LaunchScreen.storyboard in Resources */,
				5B60E1C9221BDB8F00A79FBE /* Assets.xcassets in Resources */,
				5B60E1C7221BDB8F00A79FBE /* Main.storyboard in Resources */,
			);
			runOnlyForDeploymentPostprocessing = 0;
		};
/* End PBXResourcesBuildPhase section */

/* Begin PBXSourcesBuildPhase section */
		5B60E1BA221BDB8F00A79FBE /* Sources */ = {
			isa = PBXSourcesBuildPhase;
			buildActionMask = 2147483647;
			files = (
				5B60E58B221BFEE700A79FBE /* DetailViewController.swift in Sources */,
				5B60E1C4221BDB8F00A79FBE /* ViewController.swift in Sources */,
				5B60E1C2221BDB8F00A79FBE /* AppDelegate.swift in Sources */,
			);
			runOnlyForDeploymentPostprocessing = 0;
		};
/* End PBXSourcesBuildPhase section */

/* Begin PBXVariantGroup section */
		5B60E1C5221BDB8F00A79FBE /* Main.storyboard */ = {
			isa = PBXVariantGroup;
			children = (
				5B60E1C6221BDB8F00A79FBE /* Base */,
			);
			name = Main.storyboard;
			sourceTree = "<group>";
		};
		5B60E1CA221BDB8F00A79FBE /* LaunchScreen.storyboard */ = {
			isa = PBXVariantGroup;
			children = (
				5B60E1CB221BDB8F00A79FBE /* Base */,
			);
			name = LaunchScreen.storyboard;
			sourceTree = "<group>";
		};
/* End PBXVariantGroup section */

/* Begin XCBuildConfiguration section */
		5B60E1CE221BDB8F00A79FBE /* Debug */ = {
			isa = XCBuildConfiguration;
			buildSettings = {
				ALWAYS_SEARCH_USER_PATHS = NO;
				CLANG_ANALYZER_NONNULL = YES;
				CLANG_ANALYZER_NUMBER_OBJECT_CONVERSION = YES_AGGRESSIVE;
				CLANG_CXX_LANGUAGE_STANDARD = "gnu++14";
				CLANG_CXX_LIBRARY = "libc++";
				CLANG_ENABLE_MODULES = YES;
				CLANG_ENABLE_OBJC_ARC = YES;
				CLANG_ENABLE_OBJC_WEAK = YES;
				CLANG_WARN_BLOCK_CAPTURE_AUTORELEASING = YES;
				CLANG_WARN_BOOL_CONVERSION = YES;
				CLANG_WARN_COMMA = YES;
				CLANG_WARN_CONSTANT_CONVERSION = YES;
				CLANG_WARN_DEPRECATED_OBJC_IMPLEMENTATIONS = YES;
				CLANG_WARN_DIRECT_OBJC_ISA_USAGE = YES_ERROR;
				CLANG_WARN_DOCUMENTATION_COMMENTS = YES;
				CLANG_WARN_EMPTY_BODY = YES;
				CLANG_WARN_ENUM_CONVERSION = YES;
				CLANG_WARN_INFINITE_RECURSION = YES;
				CLANG_WARN_INT_CONVERSION = YES;
				CLANG_WARN_NON_LITERAL_NULL_CONVERSION = YES;
				CLANG_WARN_OBJC_IMPLICIT_RETAIN_SELF = YES;
				CLANG_WARN_OBJC_LITERAL_CONVERSION = YES;
				CLANG_WARN_OBJC_ROOT_CLASS = YES_ERROR;
				CLANG_WARN_RANGE_LOOP_ANALYSIS = YES;
				CLANG_WARN_STRICT_PROTOTYPES = YES;
				CLANG_WARN_SUSPICIOUS_MOVE = YES;
				CLANG_WARN_UNGUARDED_AVAILABILITY = YES_AGGRESSIVE;
				CLANG_WARN_UNREACHABLE_CODE = YES;
				CLANG_WARN__DUPLICATE_METHOD_MATCH = YES;
				CODE_SIGN_IDENTITY = "iPhone Developer";
				COPY_PHASE_STRIP = NO;
				DEBUG_INFORMATION_FORMAT = dwarf;
				ENABLE_STRICT_OBJC_MSGSEND = YES;
				ENABLE_TESTABILITY = YES;
				GCC_C_LANGUAGE_STANDARD = gnu11;
				GCC_DYNAMIC_NO_PIC = NO;
				GCC_NO_COMMON_BLOCKS = YES;
				GCC_OPTIMIZATION_LEVEL = 0;
				GCC_PREPROCESSOR_DEFINITIONS = (
					"DEBUG=1",
					"$(inherited)",
				);
				GCC_WARN_64_TO_32_BIT_CONVERSION = YES;
				GCC_WARN_ABOUT_RETURN_TYPE = YES_ERROR;
				GCC_WARN_UNDECLARED_SELECTOR = YES;
				GCC_WARN_UNINITIALIZED_AUTOS = YES_AGGRESSIVE;
				GCC_WARN_UNUSED_FUNCTION = YES;
				GCC_WARN_UNUSED_VARIABLE = YES;
				IPHONEOS_DEPLOYMENT_TARGET = 12.1;
				MTL_ENABLE_DEBUG_INFO = INCLUDE_SOURCE;
				MTL_FAST_MATH = YES;
				ONLY_ACTIVE_ARCH = YES;
				SDKROOT = iphoneos;
				SWIFT_ACTIVE_COMPILATION_CONDITIONS = DEBUG;
				SWIFT_OPTIMIZATION_LEVEL = "-Onone";
			};
			name = Debug;
		};
		5B60E1CF221BDB8F00A79FBE /* Release */ = {
			isa = XCBuildConfiguration;
			buildSettings = {
				ALWAYS_SEARCH_USER_PATHS = NO;
				CLANG_ANALYZER_NONNULL = YES;
				CLANG_ANALYZER_NUMBER_OBJECT_CONVERSION = YES_AGGRESSIVE;
				CLANG_CXX_LANGUAGE_STANDARD = "gnu++14";
				CLANG_CXX_LIBRARY = "libc++";
				CLANG_ENABLE_MODULES = YES;
				CLANG_ENABLE_OBJC_ARC = YES;
				CLANG_ENABLE_OBJC_WEAK = YES;
				CLANG_WARN_BLOCK_CAPTURE_AUTORELEASING = YES;
				CLANG_WARN_BOOL_CONVERSION = YES;
				CLANG_WARN_COMMA = YES;
				CLANG_WARN_CONSTANT_CONVERSION = YES;
				CLANG_WARN_DEPRECATED_OBJC_IMPLEMENTATIONS = YES;
				CLANG_WARN_DIRECT_OBJC_ISA_USAGE = YES_ERROR;
				CLANG_WARN_DOCUMENTATION_COMMENTS = YES;
				CLANG_WARN_EMPTY_BODY = YES;
				CLANG_WARN_ENUM_CONVERSION = YES;
				CLANG_WARN_INFINITE_RECURSION = YES;
				CLANG_WARN_INT_CONVERSION = YES;
				CLANG_WARN_NON_LITERAL_NULL_CONVERSION = YES;
				CLANG_WARN_OBJC_IMPLICIT_RETAIN_SELF = YES;
				CLANG_WARN_OBJC_LITERAL_CONVERSION = YES;
				CLANG_WARN_OBJC_ROOT_CLASS = YES_ERROR;
				CLANG_WARN_RANGE_LOOP_ANALYSIS = YES;
				CLANG_WARN_STRICT_PROTOTYPES = YES;
				CLANG_WARN_SUSPICIOUS_MOVE = YES;
				CLANG_WARN_UNGUARDED_AVAILABILITY = YES_AGGRESSIVE;
				CLANG_WARN_UNREACHABLE_CODE = YES;
				CLANG_WARN__DUPLICATE_METHOD_MATCH = YES;
				CODE_SIGN_IDENTITY = "iPhone Developer";
				COPY_PHASE_STRIP = NO;
				DEBUG_INFORMATION_FORMAT = "dwarf-with-dsym";
				ENABLE_NS_ASSERTIONS = NO;
				ENABLE_STRICT_OBJC_MSGSEND = YES;
				GCC_C_LANGUAGE_STANDARD = gnu11;
				GCC_NO_COMMON_BLOCKS = YES;
				GCC_WARN_64_TO_32_BIT_CONVERSION = YES;
				GCC_WARN_ABOUT_RETURN_TYPE = YES_ERROR;
				GCC_WARN_UNDECLARED_SELECTOR = YES;
				GCC_WARN_UNINITIALIZED_AUTOS = YES_AGGRESSIVE;
				GCC_WARN_UNUSED_FUNCTION = YES;
				GCC_WARN_UNUSED_VARIABLE = YES;
				IPHONEOS_DEPLOYMENT_TARGET = 12.1;
				MTL_ENABLE_DEBUG_INFO = NO;
				MTL_FAST_MATH = YES;
				SDKROOT = iphoneos;
				SWIFT_COMPILATION_MODE = wholemodule;
				SWIFT_OPTIMIZATION_LEVEL = "-O";
				VALIDATE_PRODUCT = YES;
			};
			name = Release;
		};
		5B60E1D1221BDB8F00A79FBE /* Debug */ = {
			isa = XCBuildConfiguration;
			buildSettings = {
				ASSETCATALOG_COMPILER_APPICON_NAME = AppIcon;
				CODE_SIGN_STYLE = Automatic;
				DEVELOPMENT_TEAM = DCBW8CKASN;
				INFOPLIST_FILE = SpotlightSearch/Info.plist;
				LD_RUNPATH_SEARCH_PATHS = (
					"$(inherited)",
					"@executable_path/Frameworks",
				);
				PRODUCT_BUNDLE_IDENTIFIER = com.emucoo.SpotlightSearch;
				PRODUCT_NAME = "$(TARGET_NAME)";
				SWIFT_VERSION = 4.2;
				TARGETED_DEVICE_FAMILY = "1,2";
			};
			name = Debug;
		};
		5B60E1D2221BDB8F00A79FBE /* Release */ = {
			isa = XCBuildConfiguration;
			buildSettings = {
				ASSETCATALOG_COMPILER_APPICON_NAME = AppIcon;
				CODE_SIGN_STYLE = Automatic;
				DEVELOPMENT_TEAM = DCBW8CKASN;
				INFOPLIST_FILE = SpotlightSearch/Info.plist;
				LD_RUNPATH_SEARCH_PATHS = (
					"$(inherited)",
					"@executable_path/Frameworks",
				);
				PRODUCT_BUNDLE_IDENTIFIER = com.emucoo.SpotlightSearch;
				PRODUCT_NAME = "$(TARGET_NAME)";
				SWIFT_VERSION = 4.2;
				TARGETED_DEVICE_FAMILY = "1,2";
			};
			name = Release;
		};
/* End XCBuildConfiguration section */

/* Begin XCConfigurationList section */
		5B60E1B9221BDB8F00A79FBE /* Build configuration list for PBXProject "SpotlightSearch" */ = {
			isa = XCConfigurationList;
			buildConfigurations = (
				5B60E1CE221BDB8F00A79FBE /* Debug */,
				5B60E1CF221BDB8F00A79FBE /* Release */,
			);
			defaultConfigurationIsVisible = 0;
			defaultConfigurationName = Release;
		};
		5B60E1D0221BDB8F00A79FBE /* Build configuration list for PBXNativeTarget "SpotlightSearch" */ = {
			isa = XCConfigurationList;
			buildConfigurations = (
				5B60E1D1221BDB8F00A79FBE /* Debug */,
				5B60E1D2221BDB8F00A79FBE /* Release */,
			);
			defaultConfigurationIsVisible = 0;
			defaultConfigurationName = Release;
		};
/* End XCConfigurationList section */
	};
	rootObject = 5B60E1B6221BDB8F00A79FBE /* Project object */;
}
